
Microsoft Visual Studio Solution File, Format Version 12.00
# Visual Studio Version 16
VisualStudioVersion = 16.0.31624.102
MinimumVisualStudioVersion = 10.0.40219.1
Project("{FAE04EC0-301F-11D3-BF4B-00C04F79EFBC}") = "ClassLibrary", "ClassLibrary\ClassLibrary.csproj", "{B5ED1678-6AB2-41CE-BCA0-A52BC85E2675}"
EndProject
Global
	GlobalSection(SolutionConfigurationPlatforms) = preSolution
		Debug|Any CPU = Debug|Any CPU
		Release|Any CPU = Release|Any CPU
	EndGlobalSection
	GlobalSection(ProjectConfigurationPlatforms) = postSolution
		{B5ED1678-6AB2-41CE-BCA0-A52BC85E2675}.Debug|Any CPU.ActiveCfg = Debug|Any CPU
		{B5ED1678-6AB2-41CE-BCA0-A52BC85E2675}.Debug|Any CPU.Build.0 = Debug|Any CPU
		{B5ED1678-6AB2-41CE-BCA0-A52BC85E2675}.Release|Any CPU.ActiveCfg = Release|Any CPU
		{B5ED1678-6AB2-41CE-BCA0-A52BC85E2675}.Release|Any CPU.Build.0 = Release|Any CPU
	EndGlobalSection
	GlobalSection(SolutionProperties) = preSolution
		HideSolutionNode = FALSE
	EndGlobalSection
	GlobalSection(ExtensibilityGlobals) = postSolution
		SolutionGuid = {647240C8-A6C0-4F55-A534-30CA7C4340D8}
	EndGlobalSection
EndGlobal
